// !$*UTF8*$!
{
	archiveVersion = 1;
	classes = {
	};
	objectVersion = 50;
	objects = {

/* Begin PBXBuildFile section */
		6A5848202195E1FE00A3B63B /* AppDelegate.swift in Sources */ = {isa = PBXBuildFile; fileRef = 6A58481F2195E1FE00A3B63B /* AppDelegate.swift */; };
		6A5848222195E1FE00A3B63B /* LevelsController.swift in Sources */ = {isa = PBXBuildFile; fileRef = 6A5848212195E1FE00A3B63B /* LevelsController.swift */; };
		6A5848242195E1FE00A3B63B /* CharacterViewController.swift in Sources */ = {isa = PBXBuildFile; fileRef = 6A5848232195E1FE00A3B63B /* CharacterViewController.swift */; };
		6A5848272195E1FE00A3B63B /* Main.storyboard in Resources */ = {isa = PBXBuildFile; fileRef = 6A5848252195E1FE00A3B63B /* Main.storyboard */; };
		6A5848292195E1FF00A3B63B /* Assets.xcassets in Resources */ = {isa = PBXBuildFile; fileRef = 6A5848282195E1FF00A3B63B /* Assets.xcassets */; };
		6A58482C2195E1FF00A3B63B /* LaunchScreen.storyboard in Resources */ = {isa = PBXBuildFile; fileRef = 6A58482A2195E1FF00A3B63B /* LaunchScreen.storyboard */; };
		6A5848352195E9EB00A3B63B /* Achievement.swift in Sources */ = {isa = PBXBuildFile; fileRef = 6A5848342195E9EB00A3B63B /* Achievement.swift */; };
		6A5848372195F31700A3B63B /* LevelCell.swift in Sources */ = {isa = PBXBuildFile; fileRef = 6A5848362195F31700A3B63B /* LevelCell.swift */; };
		6A58483B2195F41C00A3B63B /* AchievementCell.swift in Sources */ = {isa = PBXBuildFile; fileRef = 6A58483A2195F41C00A3B63B /* AchievementCell.swift */; };
		6A58483D2196001300A3B63B /* LevelsContainer.swift in Sources */ = {isa = PBXBuildFile; fileRef = 6A58483C2196001300A3B63B /* LevelsContainer.swift */; };
		6A58483F219600B000A3B63B /* Level.swift in Sources */ = {isa = PBXBuildFile; fileRef = 6A58483E219600B000A3B63B /* Level.swift */; };
		6A5848412196E31400A3B63B /* DrawingView.swift in Sources */ = {isa = PBXBuildFile; fileRef = 6A5848402196E31400A3B63B /* DrawingView.swift */; };
		6A584843219700AF00A3B63B /* AchievementController.swift in Sources */ = {isa = PBXBuildFile; fileRef = 6A584842219700AF00A3B63B /* AchievementController.swift */; };
		6A5848452197160B00A3B63B /* AddAchievementController.swift in Sources */ = {isa = PBXBuildFile; fileRef = 6A5848442197160B00A3B63B /* AddAchievementController.swift */; };
		6AFCA96F2197254C00E34E75 /* AppManager.swift in Sources */ = {isa = PBXBuildFile; fileRef = 6AFCA96E2197254C00E34E75 /* AppManager.swift */; };
		6AFCA9712197370900E34E75 /* CategoriesController.swift in Sources */ = {isa = PBXBuildFile; fileRef = 6AFCA9702197370900E34E75 /* CategoriesController.swift */; };
		88B315969BB7E3E42154B1E0 /* Pods_HackathonApp.framework in Frameworks */ = {isa = PBXBuildFile; fileRef = 87794CFDC89572DAFAA48175 /* Pods_HackathonApp.framework */; };
/* End PBXBuildFile section */

/* Begin PBXFileReference section */
		02C2FD74B3E22BEA5880B441 /* Pods-HackathonApp.release.xcconfig */ = {isa = PBXFileReference; includeInIndex = 1; lastKnownFileType = text.xcconfig; name = "Pods-HackathonApp.release.xcconfig"; path = "Pods/Target Support Files/Pods-HackathonApp/Pods-HackathonApp.release.xcconfig"; sourceTree = "<group>"; };
		6A58481C2195E1FE00A3B63B /* HackathonApp.app */ = {isa = PBXFileReference; explicitFileType = wrapper.application; includeInIndex = 0; path = HackathonApp.app; sourceTree = BUILT_PRODUCTS_DIR; };
		6A58481F2195E1FE00A3B63B /* AppDelegate.swift */ = {isa = PBXFileReference; lastKnownFileType = sourcecode.swift; path = AppDelegate.swift; sourceTree = "<group>"; };
		6A5848212195E1FE00A3B63B /* LevelsController.swift */ = {isa = PBXFileReference; lastKnownFileType = sourcecode.swift; path = LevelsController.swift; sourceTree = "<group>"; };
		6A5848232195E1FE00A3B63B /* CharacterViewController.swift */ = {isa = PBXFileReference; lastKnownFileType = sourcecode.swift; path = CharacterViewController.swift; sourceTree = "<group>"; };
		6A5848262195E1FE00A3B63B /* Base */ = {isa = PBXFileReference; lastKnownFileType = file.storyboard; name = Base; path = Base.lproj/Main.storyboard; sourceTree = "<group>"; };
		6A5848282195E1FF00A3B63B /* Assets.xcassets */ = {isa = PBXFileReference; lastKnownFileType = folder.assetcatalog; path = Assets.xcassets; sourceTree = "<group>"; };
		6A58482B2195E1FF00A3B63B /* Base */ = {isa = PBXFileReference; lastKnownFileType = file.storyboard; name = Base; path = Base.lproj/LaunchScreen.storyboard; sourceTree = "<group>"; };
		6A58482D2195E1FF00A3B63B /* Info.plist */ = {isa = PBXFileReference; lastKnownFileType = text.plist.xml; path = Info.plist; sourceTree = "<group>"; };
		6A5848342195E9EB00A3B63B /* Achievement.swift */ = {isa = PBXFileReference; lastKnownFileType = sourcecode.swift; path = Achievement.swift; sourceTree = "<group>"; };
		6A5848362195F31700A3B63B /* LevelCell.swift */ = {isa = PBXFileReference; lastKnownFileType = sourcecode.swift; path = LevelCell.swift; sourceTree = "<group>"; };
		6A58483A2195F41C00A3B63B /* AchievementCell.swift */ = {isa = PBXFileReference; lastKnownFileType = sourcecode.swift; path = AchievementCell.swift; sourceTree = "<group>"; };
		6A58483C2196001300A3B63B /* LevelsContainer.swift */ = {isa = PBXFileReference; lastKnownFileType = sourcecode.swift; path = LevelsContainer.swift; sourceTree = "<group>"; };
		6A58483E219600B000A3B63B /* Level.swift */ = {isa = PBXFileReference; lastKnownFileType = sourcecode.swift; path = Level.swift; sourceTree = "<group>"; };
		6A5848402196E31400A3B63B /* DrawingView.swift */ = {isa = PBXFileReference; lastKnownFileType = sourcecode.swift; path = DrawingView.swift; sourceTree = "<group>"; };
		6A584842219700AF00A3B63B /* AchievementController.swift */ = {isa = PBXFileReference; lastKnownFileType = sourcecode.swift; path = AchievementController.swift; sourceTree = "<group>"; };
		6A5848442197160B00A3B63B /* AddAchievementController.swift */ = {isa = PBXFileReference; lastKnownFileType = sourcecode.swift; path = AddAchievementController.swift; sourceTree = "<group>"; };
		6AFCA96E2197254C00E34E75 /* AppManager.swift */ = {isa = PBXFileReference; lastKnownFileType = sourcecode.swift; path = AppManager.swift; sourceTree = "<group>"; };
		6AFCA9702197370900E34E75 /* CategoriesController.swift */ = {isa = PBXFileReference; lastKnownFileType = sourcecode.swift; path = CategoriesController.swift; sourceTree = "<group>"; };
		87794CFDC89572DAFAA48175 /* Pods_HackathonApp.framework */ = {isa = PBXFileReference; explicitFileType = wrapper.framework; includeInIndex = 0; path = Pods_HackathonApp.framework; sourceTree = BUILT_PRODUCTS_DIR; };
		9F6BBD57D1A08FF3185158C3 /* Pods-HackathonApp.debug.xcconfig */ = {isa = PBXFileReference; includeInIndex = 1; lastKnownFileType = text.xcconfig; name = "Pods-HackathonApp.debug.xcconfig"; path = "Pods/Target Support Files/Pods-HackathonApp/Pods-HackathonApp.debug.xcconfig"; sourceTree = "<group>"; };
/* End PBXFileReference section */

/* Begin PBXFrameworksBuildPhase section */
		6A5848192195E1FE00A3B63B /* Frameworks */ = {
			isa = PBXFrameworksBuildPhase;
			buildActionMask = 2147483647;
			files = (
				88B315969BB7E3E42154B1E0 /* Pods_HackathonApp.framework in Frameworks */,
			);
			runOnlyForDeploymentPostprocessing = 0;
		};
/* End PBXFrameworksBuildPhase section */

/* Begin PBXGroup section */
		2304050A2221B8DEEE3C087E /* Frameworks */ = {
			isa = PBXGroup;
			children = (
				87794CFDC89572DAFAA48175 /* Pods_HackathonApp.framework */,
			);
			name = Frameworks;
			sourceTree = "<group>";
		};
		6A5848132195E1FE00A3B63B = {
			isa = PBXGroup;
			children = (
				6A58481E2195E1FE00A3B63B /* HackathonApp */,
				6A58481D2195E1FE00A3B63B /* Products */,
				6DBB4E356F05EB790FAF1B15 /* Pods */,
				2304050A2221B8DEEE3C087E /* Frameworks */,
			);
			sourceTree = "<group>";
		};
		6A58481D2195E1FE00A3B63B /* Products */ = {
			isa = PBXGroup;
			children = (
				6A58481C2195E1FE00A3B63B /* HackathonApp.app */,
			);
			name = Products;
			sourceTree = "<group>";
		};
		6A58481E2195E1FE00A3B63B /* HackathonApp */ = {
			isa = PBXGroup;
			children = (
				6A58481F2195E1FE00A3B63B /* AppDelegate.swift */,
				6A58483C2196001300A3B63B /* LevelsContainer.swift */,
				6AFCA96E2197254C00E34E75 /* AppManager.swift */,
				6A5848392195F35300A3B63B /* Model */,
				6A5848382195F34C00A3B63B /* Views */,
				6A5848332195E2C300A3B63B /* Controllers */,
				6A5848252195E1FE00A3B63B /* Main.storyboard */,
				6A5848282195E1FF00A3B63B /* Assets.xcassets */,
				6A58482A2195E1FF00A3B63B /* LaunchScreen.storyboard */,
				6A58482D2195E1FF00A3B63B /* Info.plist */,
			);
			path = HackathonApp;
			sourceTree = "<group>";
		};
		6A5848332195E2C300A3B63B /* Controllers */ = {
			isa = PBXGroup;
			children = (
				6A5848212195E1FE00A3B63B /* LevelsController.swift */,
				6A5848232195E1FE00A3B63B /* CharacterViewController.swift */,
				6A584842219700AF00A3B63B /* AchievementController.swift */,
				6A5848442197160B00A3B63B /* AddAchievementController.swift */,
				6AFCA9702197370900E34E75 /* CategoriesController.swift */,
			);
			path = Controllers;
			sourceTree = "<group>";
		};
		6A5848382195F34C00A3B63B /* Views */ = {
			isa = PBXGroup;
			children = (
				6A58483A2195F41C00A3B63B /* AchievementCell.swift */,
				6A5848362195F31700A3B63B /* LevelCell.swift */,
				6A5848402196E31400A3B63B /* DrawingView.swift */,
			);
			path = Views;
			sourceTree = "<group>";
		};
		6A5848392195F35300A3B63B /* Model */ = {
			isa = PBXGroup;
			children = (
				6A5848342195E9EB00A3B63B /* Achievement.swift */,
				6A58483E219600B000A3B63B /* Level.swift */,
			);
			path = Model;
			sourceTree = "<group>";
		};
		6DBB4E356F05EB790FAF1B15 /* Pods */ = {
			isa = PBXGroup;
			children = (
				9F6BBD57D1A08FF3185158C3 /* Pods-HackathonApp.debug.xcconfig */,
				02C2FD74B3E22BEA5880B441 /* Pods-HackathonApp.release.xcconfig */,
			);
			name = Pods;
			sourceTree = "<group>";
		};
/* End PBXGroup section */

/* Begin PBXNativeTarget section */
		6A58481B2195E1FE00A3B63B /* HackathonApp */ = {
			isa = PBXNativeTarget;
			buildConfigurationList = 6A5848302195E1FF00A3B63B /* Build configuration list for PBXNativeTarget "HackathonApp" */;
			buildPhases = (
				3ECF03818FDE4257AF91F310 /* [CP] Check Pods Manifest.lock */,
				6A5848182195E1FE00A3B63B /* Sources */,
				6A5848192195E1FE00A3B63B /* Frameworks */,
				6A58481A2195E1FE00A3B63B /* Resources */,
				6AABA3A8A58CE8F61883129D /* [CP] Embed Pods Frameworks */,
			);
			buildRules = (
			);
			dependencies = (
			);
			name = HackathonApp;
			productName = HackathonApp;
			productReference = 6A58481C2195E1FE00A3B63B /* HackathonApp.app */;
			productType = "com.apple.product-type.application";
		};
/* End PBXNativeTarget section */

/* Begin PBXProject section */
		6A5848142195E1FE00A3B63B /* Project object */ = {
			isa = PBXProject;
			attributes = {
				LastSwiftUpdateCheck = 1010;
				LastUpgradeCheck = 1010;
				ORGANIZATIONNAME = bestK1ng;
				TargetAttributes = {
					6A58481B2195E1FE00A3B63B = {
						CreatedOnToolsVersion = 10.1;
					};
				};
			};
			buildConfigurationList = 6A5848172195E1FE00A3B63B /* Build configuration list for PBXProject "HackathonApp" */;
			compatibilityVersion = "Xcode 9.3";
			developmentRegion = en;
			hasScannedForEncodings = 0;
			knownRegions = (
				en,
				Base,
			);
			mainGroup = 6A5848132195E1FE00A3B63B;
			productRefGroup = 6A58481D2195E1FE00A3B63B /* Products */;
			projectDirPath = "";
			projectRoot = "";
			targets = (
				6A58481B2195E1FE00A3B63B /* HackathonApp */,
			);
		};
/* End PBXProject section */

/* Begin PBXResourcesBuildPhase section */
		6A58481A2195E1FE00A3B63B /* Resources */ = {
			isa = PBXResourcesBuildPhase;
			buildActionMask = 2147483647;
			files = (
				6A58482C2195E1FF00A3B63B /* LaunchScreen.storyboard in Resources */,
				6A5848292195E1FF00A3B63B /* Assets.xcassets in Resources */,
				6A5848272195E1FE00A3B63B /* Main.storyboard in Resources */,
			);
			runOnlyForDeploymentPostprocessing = 0;
		};
/* End PBXResourcesBuildPhase section */

/* Begin PBXShellScriptBuildPhase section */
		3ECF03818FDE4257AF91F310 /* [CP] Check Pods Manifest.lock */ = {
			isa = PBXShellScriptBuildPhase;
			buildActionMask = 2147483647;
			files = (
			);
			inputPaths = (
				"${PODS_PODFILE_DIR_PATH}/Podfile.lock",
				"${PODS_ROOT}/Manifest.lock",
			);
			name = "[CP] Check Pods Manifest.lock";
			outputPaths = (
				"$(DERIVED_FILE_DIR)/Pods-HackathonApp-checkManifestLockResult.txt",
			);
			runOnlyForDeploymentPostprocessing = 0;
			shellPath = /bin/sh;
			shellScript = "diff \"${PODS_PODFILE_DIR_PATH}/Podfile.lock\" \"${PODS_ROOT}/Manifest.lock\" > /dev/null\nif [ $? != 0 ] ; then\n    # print error to STDERR\n    echo \"error: The sandbox is not in sync with the Podfile.lock. Run 'pod install' or update your CocoaPods installation.\" >&2\n    exit 1\nfi\n# This output is used by Xcode 'outputs' to avoid re-running this script phase.\necho \"SUCCESS\" > \"${SCRIPT_OUTPUT_FILE_0}\"\n";
			showEnvVarsInLog = 0;
		};
		6AABA3A8A58CE8F61883129D /* [CP] Embed Pods Frameworks */ = {
			isa = PBXShellScriptBuildPhase;
			buildActionMask = 2147483647;
			files = (
			);
			inputPaths = (
				"${SRCROOT}/Pods/Target Support Files/Pods-HackathonApp/Pods-HackathonApp-frameworks.sh",
				"${BUILT_PRODUCTS_DIR}/Alamofire/Alamofire.framework",
			);
			name = "[CP] Embed Pods Frameworks";
			outputPaths = (
				"${TARGET_BUILD_DIR}/${FRAMEWORKS_FOLDER_PATH}/Alamofire.framework",
			);
			runOnlyForDeploymentPostprocessing = 0;
			shellPath = /bin/sh;
			shellScript = "\"${SRCROOT}/Pods/Target Support Files/Pods-HackathonApp/Pods-HackathonApp-frameworks.sh\"\n";
			showEnvVarsInLog = 0;
		};
/* End PBXShellScriptBuildPhase section */

/* Begin PBXSourcesBuildPhase section */
		6A5848182195E1FE00A3B63B /* Sources */ = {
			isa = PBXSourcesBuildPhase;
			buildActionMask = 2147483647;
			files = (
				6AFCA96F2197254C00E34E75 /* AppManager.swift in Sources */,
				6A5848242195E1FE00A3B63B /* CharacterViewController.swift in Sources */,
				6A58483B2195F41C00A3B63B /* AchievementCell.swift in Sources */,
				6A5848452197160B00A3B63B /* AddAchievementController.swift in Sources */,
				6A5848202195E1FE00A3B63B /* AppDelegate.swift in Sources */,
				6A5848352195E9EB00A3B63B /* Achievement.swift in Sources */,
				6A5848372195F31700A3B63B /* LevelCell.swift in Sources */,
				6AFCA9712197370900E34E75 /* CategoriesController.swift in Sources */,
				6A58483D2196001300A3B63B /* LevelsContainer.swift in Sources */,
				6A5848412196E31400A3B63B /* DrawingView.swift in Sources */,
				6A584843219700AF00A3B63B /* AchievementController.swift in Sources */,
				6A58483F219600B000A3B63B /* Level.swift in Sources */,
				6A5848222195E1FE00A3B63B /* LevelsController.swift in Sources */,
			);
			runOnlyForDeploymentPostprocessing = 0;
		};
/* End PBXSourcesBuildPhase section */

/* Begin PBXVariantGroup section */
		6A5848252195E1FE00A3B63B /* Main.storyboard */ = {
			isa = PBXVariantGroup;
			children = (
				6A5848262195E1FE00A3B63B /* Base */,
			);
			name = Main.storyboard;
			sourceTree = "<group>";
		};
		6A58482A2195E1FF00A3B63B /* LaunchScreen.storyboard */ = {
			isa = PBXVariantGroup;
			children = (
				6A58482B2195E1FF00A3B63B /* Base */,
			);
			name = LaunchScreen.storyboard;
			sourceTree = "<group>";
		};
/* End PBXVariantGroup section */

/* Begin XCBuildConfiguration section */
		6A58482E2195E1FF00A3B63B /* Debug */ = {
			isa = XCBuildConfiguration;
			buildSettings = {
				ALWAYS_SEARCH_USER_PATHS = NO;
				CLANG_ANALYZER_NONNULL = YES;
				CLANG_ANALYZER_NUMBER_OBJECT_CONVERSION = YES_AGGRESSIVE;
				CLANG_CXX_LANGUAGE_STANDARD = "gnu++14";
				CLANG_CXX_LIBRARY = "libc++";
				CLANG_ENABLE_MODULES = YES;
				CLANG_ENABLE_OBJC_ARC = YES;
				CLANG_ENABLE_OBJC_WEAK = YES;
				CLANG_WARN_BLOCK_CAPTURE_AUTORELEASING = YES;
				CLANG_WARN_BOOL_CONVERSION = YES;
				CLANG_WARN_COMMA = YES;
				CLANG_WARN_CONSTANT_CONVERSION = YES;
				CLANG_WARN_DEPRECATED_OBJC_IMPLEMENTATIONS = YES;
				CLANG_WARN_DIRECT_OBJC_ISA_USAGE = YES_ERROR;
				CLANG_WARN_DOCUMENTATION_COMMENTS = YES;
				CLANG_WARN_EMPTY_BODY = YES;
				CLANG_WARN_ENUM_CONVERSION = YES;
				CLANG_WARN_INFINITE_RECURSION = YES;
				CLANG_WARN_INT_CONVERSION = YES;
				CLANG_WARN_NON_LITERAL_NULL_CONVERSION = YES;
				CLANG_WARN_OBJC_IMPLICIT_RETAIN_SELF = YES;
				CLANG_WARN_OBJC_LITERAL_CONVERSION = YES;
				CLANG_WARN_OBJC_ROOT_CLASS = YES_ERROR;
				CLANG_WARN_RANGE_LOOP_ANALYSIS = YES;
				CLANG_WARN_STRICT_PROTOTYPES = YES;
				CLANG_WARN_SUSPICIOUS_MOVE = YES;
				CLANG_WARN_UNGUARDED_AVAILABILITY = YES_AGGRESSIVE;
				CLANG_WARN_UNREACHABLE_CODE = YES;
				CLANG_WARN__DUPLICATE_METHOD_MATCH = YES;
				CODE_SIGN_IDENTITY = "iPhone Developer";
				COPY_PHASE_STRIP = NO;
				DEBUG_INFORMATION_FORMAT = dwarf;
				ENABLE_STRICT_OBJC_MSGSEND = YES;
				ENABLE_TESTABILITY = YES;
				GCC_C_LANGUAGE_STANDARD = gnu11;
				GCC_DYNAMIC_NO_PIC = NO;
				GCC_NO_COMMON_BLOCKS = YES;
				GCC_OPTIMIZATION_LEVEL = 0;
				GCC_PREPROCESSOR_DEFINITIONS = (
					"DEBUG=1",
					"$(inherited)",
				);
				GCC_WARN_64_TO_32_BIT_CONVERSION = YES;
				GCC_WARN_ABOUT_RETURN_TYPE = YES_ERROR;
				GCC_WARN_UNDECLARED_SELECTOR = YES;
				GCC_WARN_UNINITIALIZED_AUTOS = YES_AGGRESSIVE;
				GCC_WARN_UNUSED_FUNCTION = YES;
				GCC_WARN_UNUSED_VARIABLE = YES;
				IPHONEOS_DEPLOYMENT_TARGET = 12.1;
				MTL_ENABLE_DEBUG_INFO = INCLUDE_SOURCE;
				MTL_FAST_MATH = YES;
				ONLY_ACTIVE_ARCH = YES;
				SDKROOT = iphoneos;
				SWIFT_ACTIVE_COMPILATION_CONDITIONS = DEBUG;
				SWIFT_OPTIMIZATION_LEVEL = "-Onone";
			};
			name = Debug;
		};
		6A58482F2195E1FF00A3B63B /* Release */ = {
			isa = XCBuildConfiguration;
			buildSettings = {
				ALWAYS_SEARCH_USER_PATHS = NO;
				CLANG_ANALYZER_NONNULL = YES;
				CLANG_ANALYZER_NUMBER_OBJECT_CONVERSION = YES_AGGRESSIVE;
				CLANG_CXX_LANGUAGE_STANDARD = "gnu++14";
				CLANG_CXX_LIBRARY = "libc++";
				CLANG_ENABLE_MODULES = YES;
				CLANG_ENABLE_OBJC_ARC = YES;
				CLANG_ENABLE_OBJC_WEAK = YES;
				CLANG_WARN_BLOCK_CAPTURE_AUTORELEASING = YES;
				CLANG_WARN_BOOL_CONVERSION = YES;
				CLANG_WARN_COMMA = YES;
				CLANG_WARN_CONSTANT_CONVERSION = YES;
				CLANG_WARN_DEPRECATED_OBJC_IMPLEMENTATIONS = YES;
				CLANG_WARN_DIRECT_OBJC_ISA_USAGE = YES_ERROR;
				CLANG_WARN_DOCUMENTATION_COMMENTS = YES;
				CLANG_WARN_EMPTY_BODY = YES;
				CLANG_WARN_ENUM_CONVERSION = YES;
				CLANG_WARN_INFINITE_RECURSION = YES;
				CLANG_WARN_INT_CONVERSION = YES;
				CLANG_WARN_NON_LITERAL_NULL_CONVERSION = YES;
				CLANG_WARN_OBJC_IMPLICIT_RETAIN_SELF = YES;
				CLANG_WARN_OBJC_LITERAL_CONVERSION = YES;
				CLANG_WARN_OBJC_ROOT_CLASS = YES_ERROR;
				CLANG_WARN_RANGE_LOOP_ANALYSIS = YES;
				CLANG_WARN_STRICT_PROTOTYPES = YES;
				CLANG_WARN_SUSPICIOUS_MOVE = YES;
				CLANG_WARN_UNGUARDED_AVAILABILITY = YES_AGGRESSIVE;
				CLANG_WARN_UNREACHABLE_CODE = YES;
				CLANG_WARN__DUPLICATE_METHOD_MATCH = YES;
				CODE_SIGN_IDENTITY = "iPhone Developer";
				COPY_PHASE_STRIP = NO;
				DEBUG_INFORMATION_FORMAT = "dwarf-with-dsym";
				ENABLE_NS_ASSERTIONS = NO;
				ENABLE_STRICT_OBJC_MSGSEND = YES;
				GCC_C_LANGUAGE_STANDARD = gnu11;
				GCC_NO_COMMON_BLOCKS = YES;
				GCC_WARN_64_TO_32_BIT_CONVERSION = YES;
				GCC_WARN_ABOUT_RETURN_TYPE = YES_ERROR;
				GCC_WARN_UNDECLARED_SELECTOR = YES;
				GCC_WARN_UNINITIALIZED_AUTOS = YES_AGGRESSIVE;
				GCC_WARN_UNUSED_FUNCTION = YES;
				GCC_WARN_UNUSED_VARIABLE = YES;
				IPHONEOS_DEPLOYMENT_TARGET = 12.1;
				MTL_ENABLE_DEBUG_INFO = NO;
				MTL_FAST_MATH = YES;
				SDKROOT = iphoneos;
				SWIFT_COMPILATION_MODE = wholemodule;
				SWIFT_OPTIMIZATION_LEVEL = "-O";
				VALIDATE_PRODUCT = YES;
			};
			name = Release;
		};
		6A5848312195E1FF00A3B63B /* Debug */ = {
			isa = XCBuildConfiguration;
			baseConfigurationReference = 9F6BBD57D1A08FF3185158C3 /* Pods-HackathonApp.debug.xcconfig */;
			buildSettings = {
				ASSETCATALOG_COMPILER_APPICON_NAME = AppIcon;
				CODE_SIGN_STYLE = Automatic;
				DEVELOPMENT_TEAM = CT884K7983;
				INFOPLIST_FILE = HackathonApp/Info.plist;
				LD_RUNPATH_SEARCH_PATHS = (
					"$(inherited)",
					"@executable_path/Frameworks",
				);
				PRODUCT_BUNDLE_IDENTIFIER = com.github.bestK1ngArthur.HackathonApp;
				PRODUCT_NAME = "$(TARGET_NAME)";
				SWIFT_VERSION = 4.2;
				TARGETED_DEVICE_FAMILY = "1,2";
			};
			name = Debug;
		};
		6A5848322195E1FF00A3B63B /* Release */ = {
			isa = XCBuildConfiguration;
			baseConfigurationReference = 02C2FD74B3E22BEA5880B441 /* Pods-HackathonApp.release.xcconfig */;
			buildSettings = {
				ASSETCATALOG_COMPILER_APPICON_NAME = AppIcon;
				CODE_SIGN_STYLE = Automatic;
				DEVELOPMENT_TEAM = CT884K7983;
				INFOPLIST_FILE = HackathonApp/Info.plist;
				LD_RUNPATH_SEARCH_PATHS = (
					"$(inherited)",
					"@executable_path/Frameworks",
				);
				PRODUCT_BUNDLE_IDENTIFIER = com.github.bestK1ngArthur.HackathonApp;
				PRODUCT_NAME = "$(TARGET_NAME)";
				SWIFT_VERSION = 4.2;
				TARGETED_DEVICE_FAMILY = "1,2";
			};
			name = Release;
		};
/* End XCBuildConfiguration section */

/* Begin XCConfigurationList section */
		6A5848172195E1FE00A3B63B /* Build configuration list for PBXProject "HackathonApp" */ = {
			isa = XCConfigurationList;
			buildConfigurations = (
				6A58482E2195E1FF00A3B63B /* Debug */,
				6A58482F2195E1FF00A3B63B /* Release */,
			);
			defaultConfigurationIsVisible = 0;
			defaultConfigurationName = Release;
		};
		6A5848302195E1FF00A3B63B /* Build configuration list for PBXNativeTarget "HackathonApp" */ = {
			isa = XCConfigurationList;
			buildConfigurations = (
				6A5848312195E1FF00A3B63B /* Debug */,
				6A5848322195E1FF00A3B63B /* Release */,
			);
			defaultConfigurationIsVisible = 0;
			defaultConfigurationName = Release;
		};
/* End XCConfigurationList section */
	};
	rootObject = 6A5848142195E1FE00A3B63B /* Project object */;
}
